
Microsoft Visual Studio Solution File, Format Version 12.00
# Visual Studio Version 17
VisualStudioVersion = 17.7.34302.85
MinimumVisualStudioVersion = 10.0.40219.1
Project("{FAE04EC0-301F-11D3-BF4B-00C04F79EFBC}") = "HangfireProject", "HangfireProject.csproj", "{6350815F-0DCB-4981-A89C-20936F7A1F9C}"
EndProject
Global
	GlobalSection(SolutionConfigurationPlatforms) = preSolution
		Debug|Any CPU = Debug|Any CPU
		Release|Any CPU = Release|Any CPU
	EndGlobalSection
	GlobalSection(ProjectConfigurationPlatforms) = postSolution
		{6350815F-0DCB-4981-A89C-20936F7A1F9C}.Debug|Any CPU.ActiveCfg = Debug|Any CPU
		{6350815F-0DCB-4981-A89C-20936F7A1F9C}.Debug|Any CPU.Build.0 = Debug|Any CPU
		{6350815F-0DCB-4981-A89C-20936F7A1F9C}.Release|Any CPU.ActiveCfg = Release|Any CPU
		{6350815F-0DCB-4981-A89C-20936F7A1F9C}.Release|Any CPU.Build.0 = Release|Any CPU
	EndGlobalSection
	GlobalSection(SolutionProperties) = preSolution
		HideSolutionNode = FALSE
	EndGlobalSection
	GlobalSection(ExtensibilityGlobals) = postSolution
		SolutionGuid = {E4B16812-71A5-45F6-9652-3DDF4BD350AA}
	EndGlobalSection
EndGlobal
